
Microsoft Visual Studio Solution File, Format Version 12.00
# Visual Studio Version 17
VisualStudioVersion = 17.4.33213.308
MinimumVisualStudioVersion = 10.0.40219.1
Project("{9A19103F-16F7-4668-BE54-9A1E7A4F7556}") = "HRMS", "HRMS\HRMS.csproj", "{65651C26-57E6-4014-9158-0E8C5B7E18DD}"
EndProject
Project("{9A19103F-16F7-4668-BE54-9A1E7A4F7556}") = "HRMSAPI", "HRMSAPI\HRMSAPI.csproj", "{D9E877BB-E5E5-4058-A563-0508EEA05390}"
EndProject
Global
	GlobalSection(SolutionConfigurationPlatforms) = preSolution
		Debug|Any CPU = Debug|Any CPU
		Release|Any CPU = Release|Any CPU
	EndGlobalSection
	GlobalSection(ProjectConfigurationPlatforms) = postSolution
		{65651C26-57E6-4014-9158-0E8C5B7E18DD}.Debug|Any CPU.ActiveCfg = Debug|Any CPU
		{65651C26-57E6-4014-9158-0E8C5B7E18DD}.Debug|Any CPU.Build.0 = Debug|Any CPU
		{65651C26-57E6-4014-9158-0E8C5B7E18DD}.Release|Any CPU.ActiveCfg = Release|Any CPU
		{65651C26-57E6-4014-9158-0E8C5B7E18DD}.Release|Any CPU.Build.0 = Release|Any CPU
		{D9E877BB-E5E5-4058-A563-0508EEA05390}.Debug|Any CPU.ActiveCfg = Debug|Any CPU
		{D9E877BB-E5E5-4058-A563-0508EEA05390}.Debug|Any CPU.Build.0 = Debug|Any CPU
		{D9E877BB-E5E5-4058-A563-0508EEA05390}.Release|Any CPU.ActiveCfg = Release|Any CPU
		{D9E877BB-E5E5-4058-A563-0508EEA05390}.Release|Any CPU.Build.0 = Release|Any CPU
	EndGlobalSection
	GlobalSection(SolutionProperties) = preSolution
		HideSolutionNode = FALSE
	EndGlobalSection
	GlobalSection(ExtensibilityGlobals) = postSolution
		SolutionGuid = {429F1BCE-F2B9-4137-A6D2-593D585D75D6}
	EndGlobalSection
EndGlobal
